
Microsoft Visual Studio Solution File, Format Version 12.00
# Visual Studio 2012
Project("{FAE04EC0-301F-11D3-BF4B-00C04F79EFBC}") = "DynamicRowHeightDemo", "DynamicRowHeightDemo\DynamicRowHeightDemo.csproj", "{FE1F601D-9119-401D-9FF6-A83E247AF5A1}"
EndProject
Global
	GlobalSection(SolutionConfigurationPlatforms) = preSolution
		Debug|iPhoneSimulator = Debug|iPhoneSimulator
		Release|iPhone = Release|iPhone
		Release|iPhoneSimulator = Release|iPhoneSimulator
		Debug|iPhone = Debug|iPhone
		Debug|Any CPU = Debug|Any CPU
		Release|Any CPU = Release|Any CPU
	EndGlobalSection
	GlobalSection(ProjectConfigurationPlatforms) = postSolution
		{FE1F601D-9119-401D-9FF6-A83E247AF5A1}.Debug|Any CPU.ActiveCfg = Debug|iPhoneSimulator
		{FE1F601D-9119-401D-9FF6-A83E247AF5A1}.Debug|Any CPU.Build.0 = Debug|iPhoneSimulator
		{FE1F601D-9119-401D-9FF6-A83E247AF5A1}.Debug|iPhone.ActiveCfg = Debug|iPhone
		{FE1F601D-9119-401D-9FF6-A83E247AF5A1}.Debug|iPhone.Build.0 = Debug|iPhone
		{FE1F601D-9119-401D-9FF6-A83E247AF5A1}.Debug|iPhoneSimulator.ActiveCfg = Debug|iPhoneSimulator
		{FE1F601D-9119-401D-9FF6-A83E247AF5A1}.Debug|iPhoneSimulator.Build.0 = Debug|iPhoneSimulator
		{FE1F601D-9119-401D-9FF6-A83E247AF5A1}.Release|Any CPU.ActiveCfg = Release|iPhone
		{FE1F601D-9119-401D-9FF6-A83E247AF5A1}.Release|Any CPU.Build.0 = Release|iPhone
		{FE1F601D-9119-401D-9FF6-A83E247AF5A1}.Release|iPhone.ActiveCfg = Release|iPhone
		{FE1F601D-9119-401D-9FF6-A83E247AF5A1}.Release|iPhone.Build.0 = Release|iPhone
		{FE1F601D-9119-401D-9FF6-A83E247AF5A1}.Release|iPhoneSimulator.ActiveCfg = Release|iPhoneSimulator
		{FE1F601D-9119-401D-9FF6-A83E247AF5A1}.Release|iPhoneSimulator.Build.0 = Release|iPhoneSimulator
	EndGlobalSection
EndGlobal
